{
  "nodes": {
    "nixpkgs": {
      "locked": {
        "lastModified": 1755615617,
        "narHash": "sha256-HMwfAJBdrr8wXAkbGhtcby1zGFvs+StOp19xNsbqdOg=",
        "owner": "NixOS",
        "repo": "nixpkgs",
        "rev": "20075955deac2583bb12f07151c2df830ef346b4",
        "type": "github"
      },
      "original": {
        "owner": "NixOS",
        "ref": "nixos-unstable",
        "repo": "nixpkgs",
        "type": "github"
      }
    },
    "nixpkgs_2": {
      "locked": {
        "lastModified": 1755082269,
        "narHash": "sha256-Ix7ALeaxv9tW4uBKWeJnaKpYZtZiX4H4Q/MhEmj4XYA=",
        "owner": "NixOS",
        "repo": "nixpkgs",
        "rev": "d74de548348c46cf25cb1fcc4b74f38103a4590d",
        "type": "github"
      },
      "original": {
        "id": "nixpkgs",
        "type": "indirect"
      }
    },
    "root": {
      "inputs": {
        "nixpkgs": "nixpkgs",
        "zigpkgs": "zigpkgs"
      }
    },
    "zigpkgs": {
      "inputs": {
        "nixpkgs": "nixpkgs_2"
      },
      "locked": {
        "lastModified": 1755873160,
        "narHash": "sha256-5tQdhrjbusTUapJsUQwLbfnDA9G25gp0yRJYcwZyGmw=",
        "owner": "silversquirl",
        "repo": "zig-flake",
        "rev": "37868f0ea9491837df2c685fb63e6a545ac9810a",
        "type": "github"
      },
      "original": {
        "owner": "silversquirl",
        "repo": "zig-flake",
        "type": "github"
      }
    }
  },
  "root": "root",
  "version": 7
}
